// !$*UTF8*$!
{
	archiveVersion = 1;
	classes = {
	};
	objectVersion = 56;
	objects = {

/* Begin PBXBuildFile section */
		CDF644BF2B926AB800B68FCA /* AppDelegate.swift in Sources */ = {isa = PBXBuildFile; fileRef = CDF644BE2B926AB800B68FCA /* AppDelegate.swift */; };
		CDF644C12B926AB800B68FCA /* SceneDelegate.swift in Sources */ = {isa = PBXBuildFile; fileRef = CDF644C02B926AB800B68FCA /* SceneDelegate.swift */; };
		CDF644C32B926AB800B68FCA /* DetailViewController.swift in Sources */ = {isa = PBXBuildFile; fileRef = CDF644C22B926AB800B68FCA /* DetailViewController.swift */; };
		CDF644C62B926AB800B68FCA /* Main.storyboard in Resources */ = {isa = PBXBuildFile; fileRef = CDF644C42B926AB800B68FCA /* Main.storyboard */; };
		CDF644C82B926ABE00B68FCA /* Assets.xcassets in Resources */ = {isa = PBXBuildFile; fileRef = CDF644C72B926ABE00B68FCA /* Assets.xcassets */; };
		CDF644CB2B926ABE00B68FCA /* LaunchScreen.storyboard in Resources */ = {isa = PBXBuildFile; fileRef = CDF644C92B926ABE00B68FCA /* LaunchScreen.storyboard */; };
		CDF644D62B926ABE00B68FCA /* HW8Tests.swift in Sources */ = {isa = PBXBuildFile; fileRef = CDF644D52B926ABE00B68FCA /* HW8Tests.swift */; };
		CDF644E02B926ABE00B68FCA /* HW8UITests.swift in Sources */ = {isa = PBXBuildFile; fileRef = CDF644DF2B926ABE00B68FCA /* HW8UITests.swift */; };
		CDF644E22B926ABE00B68FCA /* HW8UITestsLaunchTests.swift in Sources */ = {isa = PBXBuildFile; fileRef = CDF644E12B926ABE00B68FCA /* HW8UITestsLaunchTests.swift */; };
		CDF644EF2B926D2400B68FCA /* DynamicTableViewController.swift in Sources */ = {isa = PBXBuildFile; fileRef = CDF644EE2B926D2400B68FCA /* DynamicTableViewController.swift */; };
		CDF644F32B944E7200B68FCA /* Beverages.swift in Sources */ = {isa = PBXBuildFile; fileRef = CDF644F22B944E7200B68FCA /* Beverages.swift */; };
/* End PBXBuildFile section */

/* Begin PBXContainerItemProxy section */
		CDF644D22B926ABE00B68FCA /* PBXContainerItemProxy */ = {
			isa = PBXContainerItemProxy;
			containerPortal = CDF644B32B926AB800B68FCA /* Project object */;
			proxyType = 1;
			remoteGlobalIDString = CDF644BA2B926AB800B68FCA;
			remoteInfo = HW8;
		};
		CDF644DC2B926ABE00B68FCA /* PBXContainerItemProxy */ = {
			isa = PBXContainerItemProxy;
			containerPortal = CDF644B32B926AB800B68FCA /* Project object */;
			proxyType = 1;
			remoteGlobalIDString = CDF644BA2B926AB800B68FCA;
			remoteInfo = HW8;
		};
/* End PBXContainerItemProxy section */

/* Begin PBXFileReference section */
		CDF644BB2B926AB800B68FCA /* HW8.app */ = {isa = PBXFileReference; explicitFileType = wrapper.application; includeInIndex = 0; path = HW8.app; sourceTree = BUILT_PRODUCTS_DIR; };
		CDF644BE2B926AB800B68FCA /* AppDelegate.swift */ = {isa = PBXFileReference; lastKnownFileType = sourcecode.swift; path = AppDelegate.swift; sourceTree = "<group>"; };
		CDF644C02B926AB800B68FCA /* SceneDelegate.swift */ = {isa = PBXFileReference; lastKnownFileType = sourcecode.swift; path = SceneDelegate.swift; sourceTree = "<group>"; };
		CDF644C22B926AB800B68FCA /* DetailViewController.swift */ = {isa = PBXFileReference; lastKnownFileType = sourcecode.swift; path = DetailViewController.swift; sourceTree = "<group>"; };
		CDF644C52B926AB800B68FCA /* Base */ = {isa = PBXFileReference; lastKnownFileType = file.storyboard; name = Base; path = Base.lproj/Main.storyboard; sourceTree = "<group>"; };
		CDF644C72B926ABE00B68FCA /* Assets.xcassets */ = {isa = PBXFileReference; lastKnownFileType = folder.assetcatalog; path = Assets.xcassets; sourceTree = "<group>"; };
		CDF644CA2B926ABE00B68FCA /* Base */ = {isa = PBXFileReference; lastKnownFileType = file.storyboard; name = Base; path = Base.lproj/LaunchScreen.storyboard; sourceTree = "<group>"; };
		CDF644CC2B926ABE00B68FCA /* Info.plist */ = {isa = PBXFileReference; lastKnownFileType = text.plist.xml; path = Info.plist; sourceTree = "<group>"; };
		CDF644D12B926ABE00B68FCA /* HW8Tests.xctest */ = {isa = PBXFileReference; explicitFileType = wrapper.cfbundle; includeInIndex = 0; path = HW8Tests.xctest; sourceTree = BUILT_PRODUCTS_DIR; };
		CDF644D52B926ABE00B68FCA /* HW8Tests.swift */ = {isa = PBXFileReference; lastKnownFileType = sourcecode.swift; path = HW8Tests.swift; sourceTree = "<group>"; };
		CDF644DB2B926ABE00B68FCA /* HW8UITests.xctest */ = {isa = PBXFileReference; explicitFileType = wrapper.cfbundle; includeInIndex = 0; path = HW8UITests.xctest; sourceTree = BUILT_PRODUCTS_DIR; };
		CDF644DF2B926ABE00B68FCA /* HW8UITests.swift */ = {isa = PBXFileReference; lastKnownFileType = sourcecode.swift; path = HW8UITests.swift; sourceTree = "<group>"; };
		CDF644E12B926ABE00B68FCA /* HW8UITestsLaunchTests.swift */ = {isa = PBXFileReference; lastKnownFileType = sourcecode.swift; path = HW8UITestsLaunchTests.swift; sourceTree = "<group>"; };
		CDF644EE2B926D2400B68FCA /* DynamicTableViewController.swift */ = {isa = PBXFileReference; lastKnownFileType = sourcecode.swift; path = DynamicTableViewController.swift; sourceTree = "<group>"; };
		CDF644F22B944E7200B68FCA /* Beverages.swift */ = {isa = PBXFileReference; lastKnownFileType = sourcecode.swift; path = Beverages.swift; sourceTree = "<group>"; };
/* End PBXFileReference section */

/* Begin PBXFrameworksBuildPhase section */
		CDF644B82B926AB800B68FCA /* Frameworks */ = {
			isa = PBXFrameworksBuildPhase;
			buildActionMask = 2147483647;
			files = (
			);
			runOnlyForDeploymentPostprocessing = 0;
		};
		CDF644CE2B926ABE00B68FCA /* Frameworks */ = {
			isa = PBXFrameworksBuildPhase;
			buildActionMask = 2147483647;
			files = (
			);
			runOnlyForDeploymentPostprocessing = 0;
		};
		CDF644D82B926ABE00B68FCA /* Frameworks */ = {
			isa = PBXFrameworksBuildPhase;
			buildActionMask = 2147483647;
			files = (
			);
			runOnlyForDeploymentPostprocessing = 0;
		};
/* End PBXFrameworksBuildPhase section */

/* Begin PBXGroup section */
		CDF644B22B926AB800B68FCA = {
			isa = PBXGroup;
			children = (
				CDF644BD2B926AB800B68FCA /* HW8 */,
				CDF644D42B926ABE00B68FCA /* HW8Tests */,
				CDF644DE2B926ABE00B68FCA /* HW8UITests */,
				CDF644BC2B926AB800B68FCA /* Products */,
			);
			sourceTree = "<group>";
		};
		CDF644BC2B926AB800B68FCA /* Products */ = {
			isa = PBXGroup;
			children = (
				CDF644BB2B926AB800B68FCA /* HW8.app */,
				CDF644D12B926ABE00B68FCA /* HW8Tests.xctest */,
				CDF644DB2B926ABE00B68FCA /* HW8UITests.xctest */,
			);
			name = Products;
			sourceTree = "<group>";
		};
		CDF644BD2B926AB800B68FCA /* HW8 */ = {
			isa = PBXGroup;
			children = (
				CDF644BE2B926AB800B68FCA /* AppDelegate.swift */,
				CDF644C02B926AB800B68FCA /* SceneDelegate.swift */,
				CDF644C22B926AB800B68FCA /* DetailViewController.swift */,
				CDF644EE2B926D2400B68FCA /* DynamicTableViewController.swift */,
				CDF644F22B944E7200B68FCA /* Beverages.swift */,
				CDF644C42B926AB800B68FCA /* Main.storyboard */,
				CDF644C72B926ABE00B68FCA /* Assets.xcassets */,
				CDF644C92B926ABE00B68FCA /* LaunchScreen.storyboard */,
				CDF644CC2B926ABE00B68FCA /* Info.plist */,
			);
			path = HW8;
			sourceTree = "<group>";
		};
		CDF644D42B926ABE00B68FCA /* HW8Tests */ = {
			isa = PBXGroup;
			children = (
				CDF644D52B926ABE00B68FCA /* HW8Tests.swift */,
			);
			path = HW8Tests;
			sourceTree = "<group>";
		};
		CDF644DE2B926ABE00B68FCA /* HW8UITests */ = {
			isa = PBXGroup;
			children = (
				CDF644DF2B926ABE00B68FCA /* HW8UITests.swift */,
				CDF644E12B926ABE00B68FCA /* HW8UITestsLaunchTests.swift */,
			);
			path = HW8UITests;
			sourceTree = "<group>";
		};
/* End PBXGroup section */

/* Begin PBXNativeTarget section */
		CDF644BA2B926AB800B68FCA /* HW8 */ = {
			isa = PBXNativeTarget;
			buildConfigurationList = CDF644E52B926ABE00B68FCA /* Build configuration list for PBXNativeTarget "HW8" */;
			buildPhases = (
				CDF644B72B926AB800B68FCA /* Sources */,
				CDF644B82B926AB800B68FCA /* Frameworks */,
				CDF644B92B926AB800B68FCA /* Resources */,
			);
			buildRules = (
			);
			dependencies = (
			);
			name = HW8;
			productName = HW8;
			productReference = CDF644BB2B926AB800B68FCA /* HW8.app */;
			productType = "com.apple.product-type.application";
		};
		CDF644D02B926ABE00B68FCA /* HW8Tests */ = {
			isa = PBXNativeTarget;
			buildConfigurationList = CDF644E82B926ABE00B68FCA /* Build configuration list for PBXNativeTarget "HW8Tests" */;
			buildPhases = (
				CDF644CD2B926ABE00B68FCA /* Sources */,
				CDF644CE2B926ABE00B68FCA /* Frameworks */,
				CDF644CF2B926ABE00B68FCA /* Resources */,
			);
			buildRules = (
			);
			dependencies = (
				CDF644D32B926ABE00B68FCA /* PBXTargetDependency */,
			);
			name = HW8Tests;
			productName = HW8Tests;
			productReference = CDF644D12B926ABE00B68FCA /* HW8Tests.xctest */;
			productType = "com.apple.product-type.bundle.unit-test";
		};
		CDF644DA2B926ABE00B68FCA /* HW8UITests */ = {
			isa = PBXNativeTarget;
			buildConfigurationList = CDF644EB2B926ABE00B68FCA /* Build configuration list for PBXNativeTarget "HW8UITests" */;
			buildPhases = (
				CDF644D72B926ABE00B68FCA /* Sources */,
				CDF644D82B926ABE00B68FCA /* Frameworks */,
				CDF644D92B926ABE00B68FCA /* Resources */,
			);
			buildRules = (
			);
			dependencies = (
				CDF644DD2B926ABE00B68FCA /* PBXTargetDependency */,
			);
			name = HW8UITests;
			productName = HW8UITests;
			productReference = CDF644DB2B926ABE00B68FCA /* HW8UITests.xctest */;
			productType = "com.apple.product-type.bundle.ui-testing";
		};
/* End PBXNativeTarget section */

/* Begin PBXProject section */
		CDF644B32B926AB800B68FCA /* Project object */ = {
			isa = PBXProject;
			attributes = {
				BuildIndependentTargetsInParallel = 1;
				LastSwiftUpdateCheck = 1520;
				LastUpgradeCheck = 1520;
				TargetAttributes = {
					CDF644BA2B926AB800B68FCA = {
						CreatedOnToolsVersion = 15.2;
					};
					CDF644D02B926ABE00B68FCA = {
						CreatedOnToolsVersion = 15.2;
						TestTargetID = CDF644BA2B926AB800B68FCA;
					};
					CDF644DA2B926ABE00B68FCA = {
						CreatedOnToolsVersion = 15.2;
						TestTargetID = CDF644BA2B926AB800B68FCA;
					};
				};
			};
			buildConfigurationList = CDF644B62B926AB800B68FCA /* Build configuration list for PBXProject "HW8" */;
			compatibilityVersion = "Xcode 14.0";
			developmentRegion = en;
			hasScannedForEncodings = 0;
			knownRegions = (
				en,
				Base,
			);
			mainGroup = CDF644B22B926AB800B68FCA;
			productRefGroup = CDF644BC2B926AB800B68FCA /* Products */;
			projectDirPath = "";
			projectRoot = "";
			targets = (
				CDF644BA2B926AB800B68FCA /* HW8 */,
				CDF644D02B926ABE00B68FCA /* HW8Tests */,
				CDF644DA2B926ABE00B68FCA /* HW8UITests */,
			);
		};
/* End PBXProject section */

/* Begin PBXResourcesBuildPhase section */
		CDF644B92B926AB800B68FCA /* Resources */ = {
			isa = PBXResourcesBuildPhase;
			buildActionMask = 2147483647;
			files = (
				CDF644CB2B926ABE00B68FCA /* LaunchScreen.storyboard in Resources */,
				CDF644C82B926ABE00B68FCA /* Assets.xcassets in Resources */,
				CDF644C62B926AB800B68FCA /* Main.storyboard in Resources */,
			);
			runOnlyForDeploymentPostprocessing = 0;
		};
		CDF644CF2B926ABE00B68FCA /* Resources */ = {
			isa = PBXResourcesBuildPhase;
			buildActionMask = 2147483647;
			files = (
			);
			runOnlyForDeploymentPostprocessing = 0;
		};
		CDF644D92B926ABE00B68FCA /* Resources */ = {
			isa = PBXResourcesBuildPhase;
			buildActionMask = 2147483647;
			files = (
			);
			runOnlyForDeploymentPostprocessing = 0;
		};
/* End PBXResourcesBuildPhase section */

/* Begin PBXSourcesBuildPhase section */
		CDF644B72B926AB800B68FCA /* Sources */ = {
			isa = PBXSourcesBuildPhase;
			buildActionMask = 2147483647;
			files = (
				CDF644F32B944E7200B68FCA /* Beverages.swift in Sources */,
				CDF644C32B926AB800B68FCA /* DetailViewController.swift in Sources */,
				CDF644BF2B926AB800B68FCA /* AppDelegate.swift in Sources */,
				CDF644EF2B926D2400B68FCA /* DynamicTableViewController.swift in Sources */,
				CDF644C12B926AB800B68FCA /* SceneDelegate.swift in Sources */,
			);
			runOnlyForDeploymentPostprocessing = 0;
		};
		CDF644CD2B926ABE00B68FCA /* Sources */ = {
			isa = PBXSourcesBuildPhase;
			buildActionMask = 2147483647;
			files = (
				CDF644D62B926ABE00B68FCA /* HW8Tests.swift in Sources */,
			);
			runOnlyForDeploymentPostprocessing = 0;
		};
		CDF644D72B926ABE00B68FCA /* Sources */ = {
			isa = PBXSourcesBuildPhase;
			buildActionMask = 2147483647;
			files = (
				CDF644E22B926ABE00B68FCA /* HW8UITestsLaunchTests.swift in Sources */,
				CDF644E02B926ABE00B68FCA /* HW8UITests.swift in Sources */,
			);
			runOnlyForDeploymentPostprocessing = 0;
		};
/* End PBXSourcesBuildPhase section */

/* Begin PBXTargetDependency section */
		CDF644D32B926ABE00B68FCA /* PBXTargetDependency */ = {
			isa = PBXTargetDependency;
			target = CDF644BA2B926AB800B68FCA /* HW8 */;
			targetProxy = CDF644D22B926ABE00B68FCA /* PBXContainerItemProxy */;
		};
		CDF644DD2B926ABE00B68FCA /* PBXTargetDependency */ = {
			isa = PBXTargetDependency;
			target = CDF644BA2B926AB800B68FCA /* HW8 */;
			targetProxy = CDF644DC2B926ABE00B68FCA /* PBXContainerItemProxy */;
		};
/* End PBXTargetDependency section */

/* Begin PBXVariantGroup section */
		CDF644C42B926AB800B68FCA /* Main.storyboard */ = {
			isa = PBXVariantGroup;
			children = (
				CDF644C52B926AB800B68FCA /* Base */,
			);
			name = Main.storyboard;
			sourceTree = "<group>";
		};
		CDF644C92B926ABE00B68FCA /* LaunchScreen.storyboard */ = {
			isa = PBXVariantGroup;
			children = (
				CDF644CA2B926ABE00B68FCA /* Base */,
			);
			name = LaunchScreen.storyboard;
			sourceTree = "<group>";
		};
/* End PBXVariantGroup section */

/* Begin XCBuildConfiguration section */
		CDF644E32B926ABE00B68FCA /* Debug */ = {
			isa = XCBuildConfiguration;
			buildSettings = {
				ALWAYS_SEARCH_USER_PATHS = NO;
				ASSETCATALOG_COMPILER_GENERATE_SWIFT_ASSET_SYMBOL_EXTENSIONS = YES;
				CLANG_ANALYZER_NONNULL = YES;
				CLANG_ANALYZER_NUMBER_OBJECT_CONVERSION = YES_AGGRESSIVE;
				CLANG_CXX_LANGUAGE_STANDARD = "gnu++20";
				CLANG_ENABLE_MODULES = YES;
				CLANG_ENABLE_OBJC_ARC = YES;
				CLANG_ENABLE_OBJC_WEAK = YES;
				CLANG_WARN_BLOCK_CAPTURE_AUTORELEASING = YES;
				CLANG_WARN_BOOL_CONVERSION = YES;
				CLANG_WARN_COMMA = YES;
				CLANG_WARN_CONSTANT_CONVERSION = YES;
				CLANG_WARN_DEPRECATED_OBJC_IMPLEMENTATIONS = YES;
				CLANG_WARN_DIRECT_OBJC_ISA_USAGE = YES_ERROR;
				CLANG_WARN_DOCUMENTATION_COMMENTS = YES;
				CLANG_WARN_EMPTY_BODY = YES;
				CLANG_WARN_ENUM_CONVERSION = YES;
				CLANG_WARN_INFINITE_RECURSION = YES;
				CLANG_WARN_INT_CONVERSION = YES;
				CLANG_WARN_NON_LITERAL_NULL_CONVERSION = YES;
				CLANG_WARN_OBJC_IMPLICIT_RETAIN_SELF = YES;
				CLANG_WARN_OBJC_LITERAL_CONVERSION = YES;
				CLANG_WARN_OBJC_ROOT_CLASS = YES_ERROR;
				CLANG_WARN_QUOTED_INCLUDE_IN_FRAMEWORK_HEADER = YES;
				CLANG_WARN_RANGE_LOOP_ANALYSIS = YES;
				CLANG_WARN_STRICT_PROTOTYPES = YES;
				CLANG_WARN_SUSPICIOUS_MOVE = YES;
				CLANG_WARN_UNGUARDED_AVAILABILITY = YES_AGGRESSIVE;
				CLANG_WARN_UNREACHABLE_CODE = YES;
				CLANG_WARN__DUPLICATE_METHOD_MATCH = YES;
				COPY_PHASE_STRIP = NO;
				DEBUG_INFORMATION_FORMAT = dwarf;
				ENABLE_STRICT_OBJC_MSGSEND = YES;
				ENABLE_TESTABILITY = YES;
				ENABLE_USER_SCRIPT_SANDBOXING = YES;
				GCC_C_LANGUAGE_STANDARD = gnu17;
				GCC_DYNAMIC_NO_PIC = NO;
				GCC_NO_COMMON_BLOCKS = YES;
				GCC_OPTIMIZATION_LEVEL = 0;
				GCC_PREPROCESSOR_DEFINITIONS = (
					"DEBUG=1",
					"$(inherited)",
				);
				GCC_WARN_64_TO_32_BIT_CONVERSION = YES;
				GCC_WARN_ABOUT_RETURN_TYPE = YES_ERROR;
				GCC_WARN_UNDECLARED_SELECTOR = YES;
				GCC_WARN_UNINITIALIZED_AUTOS = YES_AGGRESSIVE;
				GCC_WARN_UNUSED_FUNCTION = YES;
				GCC_WARN_UNUSED_VARIABLE = YES;
				IPHONEOS_DEPLOYMENT_TARGET = 17.2;
				LOCALIZATION_PREFERS_STRING_CATALOGS = YES;
				MTL_ENABLE_DEBUG_INFO = INCLUDE_SOURCE;
				MTL_FAST_MATH = YES;
				ONLY_ACTIVE_ARCH = YES;
				SDKROOT = iphoneos;
				SWIFT_ACTIVE_COMPILATION_CONDITIONS = "DEBUG $(inherited)";
				SWIFT_OPTIMIZATION_LEVEL = "-Onone";
			};
			name = Debug;
		};
		CDF644E42B926ABE00B68FCA /* Release */ = {
			isa = XCBuildConfiguration;
			buildSettings = {
				ALWAYS_SEARCH_USER_PATHS = NO;
				ASSETCATALOG_COMPILER_GENERATE_SWIFT_ASSET_SYMBOL_EXTENSIONS = YES;
				CLANG_ANALYZER_NONNULL = YES;
				CLANG_ANALYZER_NUMBER_OBJECT_CONVERSION = YES_AGGRESSIVE;
				CLANG_CXX_LANGUAGE_STANDARD = "gnu++20";
				CLANG_ENABLE_MODULES = YES;
				CLANG_ENABLE_OBJC_ARC = YES;
				CLANG_ENABLE_OBJC_WEAK = YES;
				CLANG_WARN_BLOCK_CAPTURE_AUTORELEASING = YES;
				CLANG_WARN_BOOL_CONVERSION = YES;
				CLANG_WARN_COMMA = YES;
				CLANG_WARN_CONSTANT_CONVERSION = YES;
				CLANG_WARN_DEPRECATED_OBJC_IMPLEMENTATIONS = YES;
				CLANG_WARN_DIRECT_OBJC_ISA_USAGE = YES_ERROR;
				CLANG_WARN_DOCUMENTATION_COMMENTS = YES;
				CLANG_WARN_EMPTY_BODY = YES;
				CLANG_WARN_ENUM_CONVERSION = YES;
				CLANG_WARN_INFINITE_RECURSION = YES;
				CLANG_WARN_INT_CONVERSION = YES;
				CLANG_WARN_NON_LITERAL_NULL_CONVERSION = YES;
				CLANG_WARN_OBJC_IMPLICIT_RETAIN_SELF = YES;
				CLANG_WARN_OBJC_LITERAL_CONVERSION = YES;
				CLANG_WARN_OBJC_ROOT_CLASS = YES_ERROR;
				CLANG_WARN_QUOTED_INCLUDE_IN_FRAMEWORK_HEADER = YES;
				CLANG_WARN_RANGE_LOOP_ANALYSIS = YES;
				CLANG_WARN_STRICT_PROTOTYPES = YES;
				CLANG_WARN_SUSPICIOUS_MOVE = YES;
				CLANG_WARN_UNGUARDED_AVAILABILITY = YES_AGGRESSIVE;
				CLANG_WARN_UNREACHABLE_CODE = YES;
				CLANG_WARN__DUPLICATE_METHOD_MATCH = YES;
				COPY_PHASE_STRIP = NO;
				DEBUG_INFORMATION_FORMAT = "dwarf-with-dsym";
				ENABLE_NS_ASSERTIONS = NO;
				ENABLE_STRICT_OBJC_MSGSEND = YES;
				ENABLE_USER_SCRIPT_SANDBOXING = YES;
				GCC_C_LANGUAGE_STANDARD = gnu17;
				GCC_NO_COMMON_BLOCKS = YES;
				GCC_WARN_64_TO_32_BIT_CONVERSION = YES;
				GCC_WARN_ABOUT_RETURN_TYPE = YES_ERROR;
				GCC_WARN_UNDECLARED_SELECTOR = YES;
				GCC_WARN_UNINITIALIZED_AUTOS = YES_AGGRESSIVE;
				GCC_WARN_UNUSED_FUNCTION = YES;
				GCC_WARN_UNUSED_VARIABLE = YES;
				IPHONEOS_DEPLOYMENT_TARGET = 17.2;
				LOCALIZATION_PREFERS_STRING_CATALOGS = YES;
				MTL_ENABLE_DEBUG_INFO = NO;
				MTL_FAST_MATH = YES;
				SDKROOT = iphoneos;
				SWIFT_COMPILATION_MODE = wholemodule;
				VALIDATE_PRODUCT = YES;
			};
			name = Release;
		};
		CDF644E62B926ABE00B68FCA /* Debug */ = {
			isa = XCBuildConfiguration;
			buildSettings = {
				ASSETCATALOG_COMPILER_APPICON_NAME = AppIcon;
				ASSETCATALOG_COMPILER_GLOBAL_ACCENT_COLOR_NAME = AccentColor;
				CODE_SIGN_STYLE = Automatic;
				CURRENT_PROJECT_VERSION = 1;
				GENERATE_INFOPLIST_FILE = YES;
				INFOPLIST_FILE = HW8/Info.plist;
				INFOPLIST_KEY_UIApplicationSupportsIndirectInputEvents = YES;
				INFOPLIST_KEY_UILaunchStoryboardName = LaunchScreen;
				INFOPLIST_KEY_UIMainStoryboardFile = Main;
				INFOPLIST_KEY_UISupportedInterfaceOrientations_iPad = "UIInterfaceOrientationPortrait UIInterfaceOrientationPortraitUpsideDown UIInterfaceOrientationLandscapeLeft UIInterfaceOrientationLandscapeRight";
				INFOPLIST_KEY_UISupportedInterfaceOrientations_iPhone = "UIInterfaceOrientationPortrait UIInterfaceOrientationLandscapeLeft UIInterfaceOrientationLandscapeRight";
				LD_RUNPATH_SEARCH_PATHS = (
					"$(inherited)",
					"@executable_path/Frameworks",
				);
				MARKETING_VERSION = 1.0;
				PRODUCT_BUNDLE_IDENTIFIER = com.spate413.HW8;
				PRODUCT_NAME = "$(TARGET_NAME)";
				SWIFT_EMIT_LOC_STRINGS = YES;
				SWIFT_VERSION = 5.0;
				TARGETED_DEVICE_FAMILY = "1,2";
			};
			name = Debug;
		};
		CDF644E72B926ABE00B68FCA /* Release */ = {
			isa = XCBuildConfiguration;
			buildSettings = {
				ASSETCATALOG_COMPILER_APPICON_NAME = AppIcon;
				ASSETCATALOG_COMPILER_GLOBAL_ACCENT_COLOR_NAME = AccentColor;
				CODE_SIGN_STYLE = Automatic;
				CURRENT_PROJECT_VERSION = 1;
				GENERATE_INFOPLIST_FILE = YES;
				INFOPLIST_FILE = HW8/Info.plist;
				INFOPLIST_KEY_UIApplicationSupportsIndirectInputEvents = YES;
				INFOPLIST_KEY_UILaunchStoryboardName = LaunchScreen;
				INFOPLIST_KEY_UIMainStoryboardFile = Main;
				INFOPLIST_KEY_UISupportedInterfaceOrientations_iPad = "UIInterfaceOrientationPortrait UIInterfaceOrientationPortraitUpsideDown UIInterfaceOrientationLandscapeLeft UIInterfaceOrientationLandscapeRight";
				INFOPLIST_KEY_UISupportedInterfaceOrientations_iPhone = "UIInterfaceOrientationPortrait UIInterfaceOrientationLandscapeLeft UIInterfaceOrientationLandscapeRight";
				LD_RUNPATH_SEARCH_PATHS = (
					"$(inherited)",
					"@executable_path/Frameworks",
				);
				MARKETING_VERSION = 1.0;
				PRODUCT_BUNDLE_IDENTIFIER = com.spate413.HW8;
				PRODUCT_NAME = "$(TARGET_NAME)";
				SWIFT_EMIT_LOC_STRINGS = YES;
				SWIFT_VERSION = 5.0;
				TARGETED_DEVICE_FAMILY = "1,2";
			};
			name = Release;
		};
		CDF644E92B926ABE00B68FCA /* Debug */ = {
			isa = XCBuildConfiguration;
			buildSettings = {
				ALWAYS_EMBED_SWIFT_STANDARD_LIBRARIES = YES;
				BUNDLE_LOADER = "$(TEST_HOST)";
				CODE_SIGN_STYLE = Automatic;
				CURRENT_PROJECT_VERSION = 1;
				GENERATE_INFOPLIST_FILE = YES;
				IPHONEOS_DEPLOYMENT_TARGET = 17.2;
				MARKETING_VERSION = 1.0;
				PRODUCT_BUNDLE_IDENTIFIER = com.spate413.HW8Tests;
				PRODUCT_NAME = "$(TARGET_NAME)";
				SWIFT_EMIT_LOC_STRINGS = NO;
				SWIFT_VERSION = 5.0;
				TARGETED_DEVICE_FAMILY = "1,2";
				TEST_HOST = "$(BUILT_PRODUCTS_DIR)/HW8.app/$(BUNDLE_EXECUTABLE_FOLDER_PATH)/HW8";
			};
			name = Debug;
		};
		CDF644EA2B926ABE00B68FCA /* Release */ = {
			isa = XCBuildConfiguration;
			buildSettings = {
				ALWAYS_EMBED_SWIFT_STANDARD_LIBRARIES = YES;
				BUNDLE_LOADER = "$(TEST_HOST)";
				CODE_SIGN_STYLE = Automatic;
				CURRENT_PROJECT_VERSION = 1;
				GENERATE_INFOPLIST_FILE = YES;
				IPHONEOS_DEPLOYMENT_TARGET = 17.2;
				MARKETING_VERSION = 1.0;
				PRODUCT_BUNDLE_IDENTIFIER = com.spate413.HW8Tests;
				PRODUCT_NAME = "$(TARGET_NAME)";
				SWIFT_EMIT_LOC_STRINGS = NO;
				SWIFT_VERSION = 5.0;
				TARGETED_DEVICE_FAMILY = "1,2";
				TEST_HOST = "$(BUILT_PRODUCTS_DIR)/HW8.app/$(BUNDLE_EXECUTABLE_FOLDER_PATH)/HW8";
			};
			name = Release;
		};
		CDF644EC2B926ABE00B68FCA /* Debug */ = {
			isa = XCBuildConfiguration;
			buildSettings = {
				ALWAYS_EMBED_SWIFT_STANDARD_LIBRARIES = YES;
				CODE_SIGN_STYLE = Automatic;
				CURRENT_PROJECT_VERSION = 1;
				GENERATE_INFOPLIST_FILE = YES;
				MARKETING_VERSION = 1.0;
				PRODUCT_BUNDLE_IDENTIFIER = com.spate413.HW8UITests;
				PRODUCT_NAME = "$(TARGET_NAME)";
				SWIFT_EMIT_LOC_STRINGS = NO;
				SWIFT_VERSION = 5.0;
				TARGETED_DEVICE_FAMILY = "1,2";
				TEST_TARGET_NAME = HW8;
			};
			name = Debug;
		};
		CDF644ED2B926ABE00B68FCA /* Release */ = {
			isa = XCBuildConfiguration;
			buildSettings = {
				ALWAYS_EMBED_SWIFT_STANDARD_LIBRARIES = YES;
				CODE_SIGN_STYLE = Automatic;
				CURRENT_PROJECT_VERSION = 1;
				GENERATE_INFOPLIST_FILE = YES;
				MARKETING_VERSION = 1.0;
				PRODUCT_BUNDLE_IDENTIFIER = com.spate413.HW8UITests;
				PRODUCT_NAME = "$(TARGET_NAME)";
				SWIFT_EMIT_LOC_STRINGS = NO;
				SWIFT_VERSION = 5.0;
				TARGETED_DEVICE_FAMILY = "1,2";
				TEST_TARGET_NAME = HW8;
			};
			name = Release;
		};
/* End XCBuildConfiguration section */

/* Begin XCConfigurationList section */
		CDF644B62B926AB800B68FCA /* Build configuration list for PBXProject "HW8" */ = {
			isa = XCConfigurationList;
			buildConfigurations = (
				CDF644E32B926ABE00B68FCA /* Debug */,
				CDF644E42B926ABE00B68FCA /* Release */,
			);
			defaultConfigurationIsVisible = 0;
			defaultConfigurationName = Release;
		};
		CDF644E52B926ABE00B68FCA /* Build configuration list for PBXNativeTarget "HW8" */ = {
			isa = XCConfigurationList;
			buildConfigurations = (
				CDF644E62B926ABE00B68FCA /* Debug */,
				CDF644E72B926ABE00B68FCA /* Release */,
			);
			defaultConfigurationIsVisible = 0;
			defaultConfigurationName = Release;
		};
		CDF644E82B926ABE00B68FCA /* Build configuration list for PBXNativeTarget "HW8Tests" */ = {
			isa = XCConfigurationList;
			buildConfigurations = (
				CDF644E92B926ABE00B68FCA /* Debug */,
				CDF644EA2B926ABE00B68FCA /* Release */,
			);
			defaultConfigurationIsVisible = 0;
			defaultConfigurationName = Release;
		};
		CDF644EB2B926ABE00B68FCA /* Build configuration list for PBXNativeTarget "HW8UITests" */ = {
			isa = XCConfigurationList;
			buildConfigurations = (
				CDF644EC2B926ABE00B68FCA /* Debug */,
				CDF644ED2B926ABE00B68FCA /* Release */,
			);
			defaultConfigurationIsVisible = 0;
			defaultConfigurationName = Release;
		};
/* End XCConfigurationList section */
	};
	rootObject = CDF644B32B926AB800B68FCA /* Project object */;
}
